
Microsoft Visual Studio Solution File, Format Version 12.00
# Visual Studio 2012
Project("{FAE04EC0-301F-11D3-BF4B-00C04F79EFBC}") = "BEM SysSchool", "BEM SysSchool\BEM SysSchool.csproj", "{D37191DC-5E89-49FD-8562-9F6274F55BF1}"
EndProject
Global
	GlobalSection(SolutionConfigurationPlatforms) = preSolution
		Debug|Any CPU = Debug|Any CPU
		Release|Any CPU = Release|Any CPU
	EndGlobalSection
	GlobalSection(ProjectConfigurationPlatforms) = postSolution
		{D37191DC-5E89-49FD-8562-9F6274F55BF1}.Debug|Any CPU.ActiveCfg = Debug|Any CPU
		{D37191DC-5E89-49FD-8562-9F6274F55BF1}.Debug|Any CPU.Build.0 = Debug|Any CPU
		{D37191DC-5E89-49FD-8562-9F6274F55BF1}.Release|Any CPU.ActiveCfg = Release|Any CPU
		{D37191DC-5E89-49FD-8562-9F6274F55BF1}.Release|Any CPU.Build.0 = Release|Any CPU
	EndGlobalSection
	GlobalSection(SolutionProperties) = preSolution
		HideSolutionNode = FALSE
	EndGlobalSection
EndGlobal
